// !$*UTF8*$!
{
	archiveVersion = 1;
	classes = {
	};
	objectVersion = 56;
	objects = {

/* Begin PBXBuildFile section */
		02F8D19E2964C39D007DE6CA /* MyProjectApp.swift in Sources */ = {isa = PBXBuildFile; fileRef = 02F8D19D2964C39D007DE6CA /* MyProjectApp.swift */; };
		02F8D1A02964C39D007DE6CA /* ContentView.swift in Sources */ = {isa = PBXBuildFile; fileRef = 02F8D19F2964C39D007DE6CA /* ContentView.swift */; };
		02F8D1A22964C39E007DE6CA /* Assets.xcassets in Resources */ = {isa = PBXBuildFile; fileRef = 02F8D1A12964C39E007DE6CA /* Assets.xcassets */; };
		02F8D1A52964C39E007DE6CA /* Preview Assets.xcassets in Resources */ = {isa = PBXBuildFile; fileRef = 02F8D1A42964C39E007DE6CA /* Preview Assets.xcassets */; };
		02F8D1AF2964C39F007DE6CA /* MyProjectTests.swift in Sources */ = {isa = PBXBuildFile; fileRef = 02F8D1AE2964C39F007DE6CA /* MyProjectTests.swift */; };
		02F8D1B92964C39F007DE6CA /* MyProjectUITests.swift in Sources */ = {isa = PBXBuildFile; fileRef = 02F8D1B82964C39F007DE6CA /* MyProjectUITests.swift */; };
		02F8D1BB2964C39F007DE6CA /* MyProjectUITestsLaunchTests.swift in Sources */ = {isa = PBXBuildFile; fileRef = 02F8D1BA2964C39F007DE6CA /* MyProjectUITestsLaunchTests.swift */; };
		02F8D1CF2964CC2D007DE6CA /* MyFramework.framework in Frameworks */ = {isa = PBXBuildFile; fileRef = 02F8D1CE2964CC2D007DE6CA /* MyFramework.framework */; };
		02F8D1D02964CC2D007DE6CA /* MyFramework.framework in Embed Frameworks */ = {isa = PBXBuildFile; fileRef = 02F8D1CE2964CC2D007DE6CA /* MyFramework.framework */; settings = {ATTRIBUTES = (CodeSignOnCopy, RemoveHeadersOnCopy, ); }; };
/* End PBXBuildFile section */

/* Begin PBXContainerItemProxy section */
		02F8D1AB2964C39F007DE6CA /* PBXContainerItemProxy */ = {
			isa = PBXContainerItemProxy;
			containerPortal = 02F8D1922964C39D007DE6CA /* Project object */;
			proxyType = 1;
			remoteGlobalIDString = 02F8D1992964C39D007DE6CA;
			remoteInfo = MyProject;
		};
		02F8D1B52964C39F007DE6CA /* PBXContainerItemProxy */ = {
			isa = PBXContainerItemProxy;
			containerPortal = 02F8D1922964C39D007DE6CA /* Project object */;
			proxyType = 1;
			remoteGlobalIDString = 02F8D1992964C39D007DE6CA;
			remoteInfo = MyProject;
		};
/* End PBXContainerItemProxy section */

/* Begin PBXCopyFilesBuildPhase section */
		02F8D1D12964CC2D007DE6CA /* Embed Frameworks */ = {
			isa = PBXCopyFilesBuildPhase;
			buildActionMask = 2147483647;
			dstPath = "";
			dstSubfolderSpec = 10;
			files = (
				02F8D1D02964CC2D007DE6CA /* MyFramework.framework in Embed Frameworks */,
			);
			name = "Embed Frameworks";
			runOnlyForDeploymentPostprocessing = 0;
		};
/* End PBXCopyFilesBuildPhase section */

/* Begin PBXFileReference section */
		02F8D19A2964C39D007DE6CA /* MyProject.app */ = {isa = PBXFileReference; explicitFileType = wrapper.application; includeInIndex = 0; path = MyProject.app; sourceTree = BUILT_PRODUCTS_DIR; };
		02F8D19D2964C39D007DE6CA /* MyProjectApp.swift */ = {isa = PBXFileReference; lastKnownFileType = sourcecode.swift; path = MyProjectApp.swift; sourceTree = "<group>"; };
		02F8D19F2964C39D007DE6CA /* ContentView.swift */ = {isa = PBXFileReference; lastKnownFileType = sourcecode.swift; path = ContentView.swift; sourceTree = "<group>"; };
		02F8D1A12964C39E007DE6CA /* Assets.xcassets */ = {isa = PBXFileReference; lastKnownFileType = folder.assetcatalog; path = Assets.xcassets; sourceTree = "<group>"; };
		02F8D1A42964C39E007DE6CA /* Preview Assets.xcassets */ = {isa = PBXFileReference; lastKnownFileType = folder.assetcatalog; path = "Preview Assets.xcassets"; sourceTree = "<group>"; };
		02F8D1AA2964C39F007DE6CA /* MyProjectTests.xctest */ = {isa = PBXFileReference; explicitFileType = wrapper.cfbundle; includeInIndex = 0; path = MyProjectTests.xctest; sourceTree = BUILT_PRODUCTS_DIR; };
		02F8D1AE2964C39F007DE6CA /* MyProjectTests.swift */ = {isa = PBXFileReference; lastKnownFileType = sourcecode.swift; path = MyProjectTests.swift; sourceTree = "<group>"; };
		02F8D1B42964C39F007DE6CA /* MyProjectUITests.xctest */ = {isa = PBXFileReference; explicitFileType = wrapper.cfbundle; includeInIndex = 0; path = MyProjectUITests.xctest; sourceTree = BUILT_PRODUCTS_DIR; };
		02F8D1B82964C39F007DE6CA /* MyProjectUITests.swift */ = {isa = PBXFileReference; lastKnownFileType = sourcecode.swift; path = MyProjectUITests.swift; sourceTree = "<group>"; };
		02F8D1BA2964C39F007DE6CA /* MyProjectUITestsLaunchTests.swift */ = {isa = PBXFileReference; lastKnownFileType = sourcecode.swift; path = MyProjectUITestsLaunchTests.swift; sourceTree = "<group>"; };
		02F8D1CA2964C607007DE6CA /* MyFramework.framework */ = {isa = PBXFileReference; explicitFileType = wrapper.framework; path = MyFramework.framework; sourceTree = BUILT_PRODUCTS_DIR; };
		02F8D1CE2964CC2D007DE6CA /* MyFramework.framework */ = {isa = PBXFileReference; explicitFileType = wrapper.framework; path = MyFramework.framework; sourceTree = BUILT_PRODUCTS_DIR; };
/* End PBXFileReference section */

/* Begin PBXFrameworksBuildPhase section */
		02F8D1972964C39D007DE6CA /* Frameworks */ = {
			isa = PBXFrameworksBuildPhase;
			buildActionMask = 2147483647;
			files = (
				02F8D1CF2964CC2D007DE6CA /* MyFramework.framework in Frameworks */,
			);
			runOnlyForDeploymentPostprocessing = 0;
		};
		02F8D1A72964C39F007DE6CA /* Frameworks */ = {
			isa = PBXFrameworksBuildPhase;
			buildActionMask = 2147483647;
			files = (
			);
			runOnlyForDeploymentPostprocessing = 0;
		};
		02F8D1B12964C39F007DE6CA /* Frameworks */ = {
			isa = PBXFrameworksBuildPhase;
			buildActionMask = 2147483647;
			files = (
			);
			runOnlyForDeploymentPostprocessing = 0;
		};
/* End PBXFrameworksBuildPhase section */

/* Begin PBXGroup section */
		02F8D1912964C39D007DE6CA = {
			isa = PBXGroup;
			children = (
				02F8D19C2964C39D007DE6CA /* MyProject */,
				02F8D1AD2964C39F007DE6CA /* MyProjectTests */,
				02F8D1B72964C39F007DE6CA /* MyProjectUITests */,
				02F8D19B2964C39D007DE6CA /* Products */,
				02F8D1C92964C607007DE6CA /* Frameworks */,
			);
			sourceTree = "<group>";
		};
		02F8D19B2964C39D007DE6CA /* Products */ = {
			isa = PBXGroup;
			children = (
				02F8D19A2964C39D007DE6CA /* MyProject.app */,
				02F8D1AA2964C39F007DE6CA /* MyProjectTests.xctest */,
				02F8D1B42964C39F007DE6CA /* MyProjectUITests.xctest */,
			);
			name = Products;
			sourceTree = "<group>";
		};
		02F8D19C2964C39D007DE6CA /* MyProject */ = {
			isa = PBXGroup;
			children = (
				02F8D19D2964C39D007DE6CA /* MyProjectApp.swift */,
				02F8D19F2964C39D007DE6CA /* ContentView.swift */,
				02F8D1A12964C39E007DE6CA /* Assets.xcassets */,
				02F8D1A32964C39E007DE6CA /* Preview Content */,
			);
			path = MyProject;
			sourceTree = "<group>";
		};
		02F8D1A32964C39E007DE6CA /* Preview Content */ = {
			isa = PBXGroup;
			children = (
				02F8D1A42964C39E007DE6CA /* Preview Assets.xcassets */,
			);
			path = "Preview Content";
			sourceTree = "<group>";
		};
		02F8D1AD2964C39F007DE6CA /* MyProjectTests */ = {
			isa = PBXGroup;
			children = (
				02F8D1AE2964C39F007DE6CA /* MyProjectTests.swift */,
			);
			path = MyProjectTests;
			sourceTree = "<group>";
		};
		02F8D1B72964C39F007DE6CA /* MyProjectUITests */ = {
			isa = PBXGroup;
			children = (
				02F8D1B82964C39F007DE6CA /* MyProjectUITests.swift */,
				02F8D1BA2964C39F007DE6CA /* MyProjectUITestsLaunchTests.swift */,
			);
			path = MyProjectUITests;
			sourceTree = "<group>";
		};
		02F8D1C92964C607007DE6CA /* Frameworks */ = {
			isa = PBXGroup;
			children = (
				02F8D1CE2964CC2D007DE6CA /* MyFramework.framework */,
				02F8D1CA2964C607007DE6CA /* MyFramework.framework */,
			);
			name = Frameworks;
			sourceTree = "<group>";
		};
/* End PBXGroup section */

/* Begin PBXNativeTarget section */
		02F8D1992964C39D007DE6CA /* MyProject */ = {
			isa = PBXNativeTarget;
			buildConfigurationList = 02F8D1BE2964C39F007DE6CA /* Build configuration list for PBXNativeTarget "MyProject" */;
			buildPhases = (
				02F8D1962964C39D007DE6CA /* Sources */,
				02F8D1972964C39D007DE6CA /* Frameworks */,
				02F8D1982964C39D007DE6CA /* Resources */,
				02F8D1D12964CC2D007DE6CA /* Embed Frameworks */,
			);
			buildRules = (
			);
			dependencies = (
			);
			name = MyProject;
			productName = MyProject;
			productReference = 02F8D19A2964C39D007DE6CA /* MyProject.app */;
			productType = "com.apple.product-type.application";
		};
		02F8D1A92964C39F007DE6CA /* MyProjectTests */ = {
			isa = PBXNativeTarget;
			buildConfigurationList = 02F8D1C12964C39F007DE6CA /* Build configuration list for PBXNativeTarget "MyProjectTests" */;
			buildPhases = (
				02F8D1A62964C39F007DE6CA /* Sources */,
				02F8D1A72964C39F007DE6CA /* Frameworks */,
				02F8D1A82964C39F007DE6CA /* Resources */,
			);
			buildRules = (
			);
			dependencies = (
				02F8D1AC2964C39F007DE6CA /* PBXTargetDependency */,
			);
			name = MyProjectTests;
			productName = MyProjectTests;
			productReference = 02F8D1AA2964C39F007DE6CA /* MyProjectTests.xctest */;
			productType = "com.apple.product-type.bundle.unit-test";
		};
		02F8D1B32964C39F007DE6CA /* MyProjectUITests */ = {
			isa = PBXNativeTarget;
			buildConfigurationList = 02F8D1C42964C39F007DE6CA /* Build configuration list for PBXNativeTarget "MyProjectUITests" */;
			buildPhases = (
				02F8D1B02964C39F007DE6CA /* Sources */,
				02F8D1B12964C39F007DE6CA /* Frameworks */,
				02F8D1B22964C39F007DE6CA /* Resources */,
			);
			buildRules = (
			);
			dependencies = (
				02F8D1B62964C39F007DE6CA /* PBXTargetDependency */,
			);
			name = MyProjectUITests;
			productName = MyProjectUITests;
			productReference = 02F8D1B42964C39F007DE6CA /* MyProjectUITests.xctest */;
			productType = "com.apple.product-type.bundle.ui-testing";
		};
/* End PBXNativeTarget section */

/* Begin PBXProject section */
		02F8D1922964C39D007DE6CA /* Project object */ = {
			isa = PBXProject;
			attributes = {
				BuildIndependentTargetsInParallel = 1;
				LastSwiftUpdateCheck = 1420;
				LastUpgradeCheck = 1420;
				TargetAttributes = {
					02F8D1992964C39D007DE6CA = {
						CreatedOnToolsVersion = 14.2;
					};
					02F8D1A92964C39F007DE6CA = {
						CreatedOnToolsVersion = 14.2;
						TestTargetID = 02F8D1992964C39D007DE6CA;
					};
					02F8D1B32964C39F007DE6CA = {
						CreatedOnToolsVersion = 14.2;
						TestTargetID = 02F8D1992964C39D007DE6CA;
					};
				};
			};
			buildConfigurationList = 02F8D1952964C39D007DE6CA /* Build configuration list for PBXProject "MyProject" */;
			compatibilityVersion = "Xcode 14.0";
			developmentRegion = en;
			hasScannedForEncodings = 0;
			knownRegions = (
				en,
				Base,
			);
			mainGroup = 02F8D1912964C39D007DE6CA;
			productRefGroup = 02F8D19B2964C39D007DE6CA /* Products */;
			projectDirPath = "";
			projectRoot = "";
			targets = (
				02F8D1992964C39D007DE6CA /* MyProject */,
				02F8D1A92964C39F007DE6CA /* MyProjectTests */,
				02F8D1B32964C39F007DE6CA /* MyProjectUITests */,
			);
		};
/* End PBXProject section */

/* Begin PBXResourcesBuildPhase section */
		02F8D1982964C39D007DE6CA /* Resources */ = {
			isa = PBXResourcesBuildPhase;
			buildActionMask = 2147483647;
			files = (
				02F8D1A52964C39E007DE6CA /* Preview Assets.xcassets in Resources */,
				02F8D1A22964C39E007DE6CA /* Assets.xcassets in Resources */,
			);
			runOnlyForDeploymentPostprocessing = 0;
		};
		02F8D1A82964C39F007DE6CA /* Resources */ = {
			isa = PBXResourcesBuildPhase;
			buildActionMask = 2147483647;
			files = (
			);
			runOnlyForDeploymentPostprocessing = 0;
		};
		02F8D1B22964C39F007DE6CA /* Resources */ = {
			isa = PBXResourcesBuildPhase;
			buildActionMask = 2147483647;
			files = (
			);
			runOnlyForDeploymentPostprocessing = 0;
		};
/* End PBXResourcesBuildPhase section */

/* Begin PBXSourcesBuildPhase section */
		02F8D1962964C39D007DE6CA /* Sources */ = {
			isa = PBXSourcesBuildPhase;
			buildActionMask = 2147483647;
			files = (
				02F8D1A02964C39D007DE6CA /* ContentView.swift in Sources */,
				02F8D19E2964C39D007DE6CA /* MyProjectApp.swift in Sources */,
			);
			runOnlyForDeploymentPostprocessing = 0;
		};
		02F8D1A62964C39F007DE6CA /* Sources */ = {
			isa = PBXSourcesBuildPhase;
			buildActionMask = 2147483647;
			files = (
				02F8D1AF2964C39F007DE6CA /* MyProjectTests.swift in Sources */,
			);
			runOnlyForDeploymentPostprocessing = 0;
		};
		02F8D1B02964C39F007DE6CA /* Sources */ = {
			isa = PBXSourcesBuildPhase;
			buildActionMask = 2147483647;
			files = (
				02F8D1BB2964C39F007DE6CA /* MyProjectUITestsLaunchTests.swift in Sources */,
				02F8D1B92964C39F007DE6CA /* MyProjectUITests.swift in Sources */,
			);
			runOnlyForDeploymentPostprocessing = 0;
		};
/* End PBXSourcesBuildPhase section */

/* Begin PBXTargetDependency section */
		02F8D1AC2964C39F007DE6CA /* PBXTargetDependency */ = {
			isa = PBXTargetDependency;
			target = 02F8D1992964C39D007DE6CA /* MyProject */;
			targetProxy = 02F8D1AB2964C39F007DE6CA /* PBXContainerItemProxy */;
		};
		02F8D1B62964C39F007DE6CA /* PBXTargetDependency */ = {
			isa = PBXTargetDependency;
			target = 02F8D1992964C39D007DE6CA /* MyProject */;
			targetProxy = 02F8D1B52964C39F007DE6CA /* PBXContainerItemProxy */;
		};
/* End PBXTargetDependency section */

/* Begin XCBuildConfiguration section */
		02F8D1BC2964C39F007DE6CA /* Debug */ = {
			isa = XCBuildConfiguration;
			buildSettings = {
				ALWAYS_SEARCH_USER_PATHS = NO;
				CLANG_ANALYZER_NONNULL = YES;
				CLANG_ANALYZER_NUMBER_OBJECT_CONVERSION = YES_AGGRESSIVE;
				CLANG_CXX_LANGUAGE_STANDARD = "gnu++20";
				CLANG_ENABLE_MODULES = YES;
				CLANG_ENABLE_OBJC_ARC = YES;
				CLANG_ENABLE_OBJC_WEAK = YES;
				CLANG_WARN_BLOCK_CAPTURE_AUTORELEASING = YES;
				CLANG_WARN_BOOL_CONVERSION = YES;
				CLANG_WARN_COMMA = YES;
				CLANG_WARN_CONSTANT_CONVERSION = YES;
				CLANG_WARN_DEPRECATED_OBJC_IMPLEMENTATIONS = YES;
				CLANG_WARN_DIRECT_OBJC_ISA_USAGE = YES_ERROR;
				CLANG_WARN_DOCUMENTATION_COMMENTS = YES;
				CLANG_WARN_EMPTY_BODY = YES;
				CLANG_WARN_ENUM_CONVERSION = YES;
				CLANG_WARN_INFINITE_RECURSION = YES;
				CLANG_WARN_INT_CONVERSION = YES;
				CLANG_WARN_NON_LITERAL_NULL_CONVERSION = YES;
				CLANG_WARN_OBJC_IMPLICIT_RETAIN_SELF = YES;
				CLANG_WARN_OBJC_LITERAL_CONVERSION = YES;
				CLANG_WARN_OBJC_ROOT_CLASS = YES_ERROR;
				CLANG_WARN_QUOTED_INCLUDE_IN_FRAMEWORK_HEADER = YES;
				CLANG_WARN_RANGE_LOOP_ANALYSIS = YES;
				CLANG_WARN_STRICT_PROTOTYPES = YES;
				CLANG_WARN_SUSPICIOUS_MOVE = YES;
				CLANG_WARN_UNGUARDED_AVAILABILITY = YES_AGGRESSIVE;
				CLANG_WARN_UNREACHABLE_CODE = YES;
				CLANG_WARN__DUPLICATE_METHOD_MATCH = YES;
				COPY_PHASE_STRIP = NO;
				DEBUG_INFORMATION_FORMAT = dwarf;
				ENABLE_STRICT_OBJC_MSGSEND = YES;
				ENABLE_TESTABILITY = YES;
				GCC_C_LANGUAGE_STANDARD = gnu11;
				GCC_DYNAMIC_NO_PIC = NO;
				GCC_NO_COMMON_BLOCKS = YES;
				GCC_OPTIMIZATION_LEVEL = 0;
				GCC_PREPROCESSOR_DEFINITIONS = (
					"DEBUG=1",
					"$(inherited)",
				);
				GCC_WARN_64_TO_32_BIT_CONVERSION = YES;
				GCC_WARN_ABOUT_RETURN_TYPE = YES_ERROR;
				GCC_WARN_UNDECLARED_SELECTOR = YES;
				GCC_WARN_UNINITIALIZED_AUTOS = YES_AGGRESSIVE;
				GCC_WARN_UNUSED_FUNCTION = YES;
				GCC_WARN_UNUSED_VARIABLE = YES;
				IPHONEOS_DEPLOYMENT_TARGET = 16.2;
				MTL_ENABLE_DEBUG_INFO = INCLUDE_SOURCE;
				MTL_FAST_MATH = YES;
				ONLY_ACTIVE_ARCH = YES;
				SDKROOT = iphoneos;
				SWIFT_ACTIVE_COMPILATION_CONDITIONS = DEBUG;
				SWIFT_OPTIMIZATION_LEVEL = "-Onone";
			};
			name = Debug;
		};
		02F8D1BD2964C39F007DE6CA /* Release */ = {
			isa = XCBuildConfiguration;
			buildSettings = {
				ALWAYS_SEARCH_USER_PATHS = NO;
				CLANG_ANALYZER_NONNULL = YES;
				CLANG_ANALYZER_NUMBER_OBJECT_CONVERSION = YES_AGGRESSIVE;
				CLANG_CXX_LANGUAGE_STANDARD = "gnu++20";
				CLANG_ENABLE_MODULES = YES;
				CLANG_ENABLE_OBJC_ARC = YES;
				CLANG_ENABLE_OBJC_WEAK = YES;
				CLANG_WARN_BLOCK_CAPTURE_AUTORELEASING = YES;
				CLANG_WARN_BOOL_CONVERSION = YES;
				CLANG_WARN_COMMA = YES;
				CLANG_WARN_CONSTANT_CONVERSION = YES;
				CLANG_WARN_DEPRECATED_OBJC_IMPLEMENTATIONS = YES;
				CLANG_WARN_DIRECT_OBJC_ISA_USAGE = YES_ERROR;
				CLANG_WARN_DOCUMENTATION_COMMENTS = YES;
				CLANG_WARN_EMPTY_BODY = YES;
				CLANG_WARN_ENUM_CONVERSION = YES;
				CLANG_WARN_INFINITE_RECURSION = YES;
				CLANG_WARN_INT_CONVERSION = YES;
				CLANG_WARN_NON_LITERAL_NULL_CONVERSION = YES;
				CLANG_WARN_OBJC_IMPLICIT_RETAIN_SELF = YES;
				CLANG_WARN_OBJC_LITERAL_CONVERSION = YES;
				CLANG_WARN_OBJC_ROOT_CLASS = YES_ERROR;
				CLANG_WARN_QUOTED_INCLUDE_IN_FRAMEWORK_HEADER = YES;
				CLANG_WARN_RANGE_LOOP_ANALYSIS = YES;
				CLANG_WARN_STRICT_PROTOTYPES = YES;
				CLANG_WARN_SUSPICIOUS_MOVE = YES;
				CLANG_WARN_UNGUARDED_AVAILABILITY = YES_AGGRESSIVE;
				CLANG_WARN_UNREACHABLE_CODE = YES;
				CLANG_WARN__DUPLICATE_METHOD_MATCH = YES;
				COPY_PHASE_STRIP = NO;
				DEBUG_INFORMATION_FORMAT = "dwarf-with-dsym";
				ENABLE_NS_ASSERTIONS = NO;
				ENABLE_STRICT_OBJC_MSGSEND = YES;
				GCC_C_LANGUAGE_STANDARD = gnu11;
				GCC_NO_COMMON_BLOCKS = YES;
				GCC_WARN_64_TO_32_BIT_CONVERSION = YES;
				GCC_WARN_ABOUT_RETURN_TYPE = YES_ERROR;
				GCC_WARN_UNDECLARED_SELECTOR = YES;
				GCC_WARN_UNINITIALIZED_AUTOS = YES_AGGRESSIVE;
				GCC_WARN_UNUSED_FUNCTION = YES;
				GCC_WARN_UNUSED_VARIABLE = YES;
				IPHONEOS_DEPLOYMENT_TARGET = 16.2;
				MTL_ENABLE_DEBUG_INFO = NO;
				MTL_FAST_MATH = YES;
				SDKROOT = iphoneos;
				SWIFT_COMPILATION_MODE = wholemodule;
				SWIFT_OPTIMIZATION_LEVEL = "-O";
				VALIDATE_PRODUCT = YES;
			};
			name = Release;
		};
		02F8D1BF2964C39F007DE6CA /* Debug */ = {
			isa = XCBuildConfiguration;
			buildSettings = {
				ASSETCATALOG_COMPILER_APPICON_NAME = AppIcon;
				ASSETCATALOG_COMPILER_GLOBAL_ACCENT_COLOR_NAME = AccentColor;
				CODE_SIGN_STYLE = Automatic;
				CURRENT_PROJECT_VERSION = 1;
				DEVELOPMENT_ASSET_PATHS = "\"MyProject/Preview Content\"";
				ENABLE_PREVIEWS = YES;
				GENERATE_INFOPLIST_FILE = YES;
				INFOPLIST_KEY_UIApplicationSceneManifest_Generation = YES;
				INFOPLIST_KEY_UIApplicationSupportsIndirectInputEvents = YES;
				INFOPLIST_KEY_UILaunchScreen_Generation = YES;
				INFOPLIST_KEY_UISupportedInterfaceOrientations_iPad = "UIInterfaceOrientationPortrait UIInterfaceOrientationPortraitUpsideDown UIInterfaceOrientationLandscapeLeft UIInterfaceOrientationLandscapeRight";
				INFOPLIST_KEY_UISupportedInterfaceOrientations_iPhone = "UIInterfaceOrientationPortrait UIInterfaceOrientationLandscapeLeft UIInterfaceOrientationLandscapeRight";
				LD_RUNPATH_SEARCH_PATHS = (
					"$(inherited)",
					"@executable_path/Frameworks",
				);
				MARKETING_VERSION = 1.0;
				PRODUCT_BUNDLE_IDENTIFIER = com.enhanceIT.MyProject;
				PRODUCT_NAME = "$(TARGET_NAME)";
				SWIFT_EMIT_LOC_STRINGS = YES;
				SWIFT_VERSION = 5.0;
				TARGETED_DEVICE_FAMILY = "1,2";
			};
			name = Debug;
		};
		02F8D1C02964C39F007DE6CA /* Release */ = {
			isa = XCBuildConfiguration;
			buildSettings = {
				ASSETCATALOG_COMPILER_APPICON_NAME = AppIcon;
				ASSETCATALOG_COMPILER_GLOBAL_ACCENT_COLOR_NAME = AccentColor;
				CODE_SIGN_STYLE = Automatic;
				CURRENT_PROJECT_VERSION = 1;
				DEVELOPMENT_ASSET_PATHS = "\"MyProject/Preview Content\"";
				ENABLE_PREVIEWS = YES;
				GENERATE_INFOPLIST_FILE = YES;
				INFOPLIST_KEY_UIApplicationSceneManifest_Generation = YES;
				INFOPLIST_KEY_UIApplicationSupportsIndirectInputEvents = YES;
				INFOPLIST_KEY_UILaunchScreen_Generation = YES;
				INFOPLIST_KEY_UISupportedInterfaceOrientations_iPad = "UIInterfaceOrientationPortrait UIInterfaceOrientationPortraitUpsideDown UIInterfaceOrientationLandscapeLeft UIInterfaceOrientationLandscapeRight";
				INFOPLIST_KEY_UISupportedInterfaceOrientations_iPhone = "UIInterfaceOrientationPortrait UIInterfaceOrientationLandscapeLeft UIInterfaceOrientationLandscapeRight";
				LD_RUNPATH_SEARCH_PATHS = (
					"$(inherited)",
					"@executable_path/Frameworks",
				);
				MARKETING_VERSION = 1.0;
				PRODUCT_BUNDLE_IDENTIFIER = com.enhanceIT.MyProject;
				PRODUCT_NAME = "$(TARGET_NAME)";
				SWIFT_EMIT_LOC_STRINGS = YES;
				SWIFT_VERSION = 5.0;
				TARGETED_DEVICE_FAMILY = "1,2";
			};
			name = Release;
		};
		02F8D1C22964C39F007DE6CA /* Debug */ = {
			isa = XCBuildConfiguration;
			buildSettings = {
				ALWAYS_EMBED_SWIFT_STANDARD_LIBRARIES = YES;
				BUNDLE_LOADER = "$(TEST_HOST)";
				CODE_SIGN_STYLE = Automatic;
				CURRENT_PROJECT_VERSION = 1;
				GENERATE_INFOPLIST_FILE = YES;
				IPHONEOS_DEPLOYMENT_TARGET = 16.2;
				MARKETING_VERSION = 1.0;
				PRODUCT_BUNDLE_IDENTIFIER = com.enhanceIT.MyProjectTests;
				PRODUCT_NAME = "$(TARGET_NAME)";
				SWIFT_EMIT_LOC_STRINGS = NO;
				SWIFT_VERSION = 5.0;
				TARGETED_DEVICE_FAMILY = "1,2";
				TEST_HOST = "$(BUILT_PRODUCTS_DIR)/MyProject.app/$(BUNDLE_EXECUTABLE_FOLDER_PATH)/MyProject";
			};
			name = Debug;
		};
		02F8D1C32964C39F007DE6CA /* Release */ = {
			isa = XCBuildConfiguration;
			buildSettings = {
				ALWAYS_EMBED_SWIFT_STANDARD_LIBRARIES = YES;
				BUNDLE_LOADER = "$(TEST_HOST)";
				CODE_SIGN_STYLE = Automatic;
				CURRENT_PROJECT_VERSION = 1;
				GENERATE_INFOPLIST_FILE = YES;
				IPHONEOS_DEPLOYMENT_TARGET = 16.2;
				MARKETING_VERSION = 1.0;
				PRODUCT_BUNDLE_IDENTIFIER = com.enhanceIT.MyProjectTests;
				PRODUCT_NAME = "$(TARGET_NAME)";
				SWIFT_EMIT_LOC_STRINGS = NO;
				SWIFT_VERSION = 5.0;
				TARGETED_DEVICE_FAMILY = "1,2";
				TEST_HOST = "$(BUILT_PRODUCTS_DIR)/MyProject.app/$(BUNDLE_EXECUTABLE_FOLDER_PATH)/MyProject";
			};
			name = Release;
		};
		02F8D1C52964C39F007DE6CA /* Debug */ = {
			isa = XCBuildConfiguration;
			buildSettings = {
				ALWAYS_EMBED_SWIFT_STANDARD_LIBRARIES = YES;
				CODE_SIGN_STYLE = Automatic;
				CURRENT_PROJECT_VERSION = 1;
				GENERATE_INFOPLIST_FILE = YES;
				MARKETING_VERSION = 1.0;
				PRODUCT_BUNDLE_IDENTIFIER = com.enhanceIT.MyProjectUITests;
				PRODUCT_NAME = "$(TARGET_NAME)";
				SWIFT_EMIT_LOC_STRINGS = NO;
				SWIFT_VERSION = 5.0;
				TARGETED_DEVICE_FAMILY = "1,2";
				TEST_TARGET_NAME = MyProject;
			};
			name = Debug;
		};
		02F8D1C62964C39F007DE6CA /* Release */ = {
			isa = XCBuildConfiguration;
			buildSettings = {
				ALWAYS_EMBED_SWIFT_STANDARD_LIBRARIES = YES;
				CODE_SIGN_STYLE = Automatic;
				CURRENT_PROJECT_VERSION = 1;
				GENERATE_INFOPLIST_FILE = YES;
				MARKETING_VERSION = 1.0;
				PRODUCT_BUNDLE_IDENTIFIER = com.enhanceIT.MyProjectUITests;
				PRODUCT_NAME = "$(TARGET_NAME)";
				SWIFT_EMIT_LOC_STRINGS = NO;
				SWIFT_VERSION = 5.0;
				TARGETED_DEVICE_FAMILY = "1,2";
				TEST_TARGET_NAME = MyProject;
			};
			name = Release;
		};
/* End XCBuildConfiguration section */

/* Begin XCConfigurationList section */
		02F8D1952964C39D007DE6CA /* Build configuration list for PBXProject "MyProject" */ = {
			isa = XCConfigurationList;
			buildConfigurations = (
				02F8D1BC2964C39F007DE6CA /* Debug */,
				02F8D1BD2964C39F007DE6CA /* Release */,
			);
			defaultConfigurationIsVisible = 0;
			defaultConfigurationName = Release;
		};
		02F8D1BE2964C39F007DE6CA /* Build configuration list for PBXNativeTarget "MyProject" */ = {
			isa = XCConfigurationList;
			buildConfigurations = (
				02F8D1BF2964C39F007DE6CA /* Debug */,
				02F8D1C02964C39F007DE6CA /* Release */,
			);
			defaultConfigurationIsVisible = 0;
			defaultConfigurationName = Release;
		};
		02F8D1C12964C39F007DE6CA /* Build configuration list for PBXNativeTarget "MyProjectTests" */ = {
			isa = XCConfigurationList;
			buildConfigurations = (
				02F8D1C22964C39F007DE6CA /* Debug */,
				02F8D1C32964C39F007DE6CA /* Release */,
			);
			defaultConfigurationIsVisible = 0;
			defaultConfigurationName = Release;
		};
		02F8D1C42964C39F007DE6CA /* Build configuration list for PBXNativeTarget "MyProjectUITests" */ = {
			isa = XCConfigurationList;
			buildConfigurations = (
				02F8D1C52964C39F007DE6CA /* Debug */,
				02F8D1C62964C39F007DE6CA /* Release */,
			);
			defaultConfigurationIsVisible = 0;
			defaultConfigurationName = Release;
		};
/* End XCConfigurationList section */
	};
	rootObject = 02F8D1922964C39D007DE6CA /* Project object */;
}
